
Microsoft Visual Studio Solution File, Format Version 12.00
# Visual Studio 15
VisualStudioVersion = 15.0.27004.2002
MinimumVisualStudioVersion = 10.0.40219.1
Project("{FAE04EC0-301F-11D3-BF4B-00C04F79EFBC}") = "WannaFly", "WannaFly\WannaFly.csproj", "{4FD16247-1F30-4B02-BF24-79EAFD63637A}"
EndProject
Global
	GlobalSection(SolutionConfigurationPlatforms) = preSolution
		Debug|Any CPU = Debug|Any CPU
		Debug|x86 = Debug|x86
		Release|Any CPU = Release|Any CPU
		Release|x86 = Release|x86
	EndGlobalSection
	GlobalSection(ProjectConfigurationPlatforms) = postSolution
		{4FD16247-1F30-4B02-BF24-79EAFD63637A}.Debug|Any CPU.ActiveCfg = Debug|x86
		{4FD16247-1F30-4B02-BF24-79EAFD63637A}.Debug|x86.ActiveCfg = Debug|x86
		{4FD16247-1F30-4B02-BF24-79EAFD63637A}.Debug|x86.Build.0 = Debug|x86
		{4FD16247-1F30-4B02-BF24-79EAFD63637A}.Release|Any CPU.ActiveCfg = Debug|x86
		{4FD16247-1F30-4B02-BF24-79EAFD63637A}.Release|Any CPU.Build.0 = Debug|x86
		{4FD16247-1F30-4B02-BF24-79EAFD63637A}.Release|x86.ActiveCfg = Debug|x86
		{4FD16247-1F30-4B02-BF24-79EAFD63637A}.Release|x86.Build.0 = Debug|x86
	EndGlobalSection
	GlobalSection(SolutionProperties) = preSolution
		HideSolutionNode = FALSE
	EndGlobalSection
	GlobalSection(ExtensibilityGlobals) = postSolution
		SolutionGuid = {E98E4D0E-7116-4EAE-8D2D-8BE7B1CDBCC4}
	EndGlobalSection
EndGlobal
